
Microsoft Visual Studio Solution File, Format Version 12.00
# Visual Studio Version 16
VisualStudioVersion = 16.0.32228.343
MinimumVisualStudioVersion = 10.0.40219.1
Project("{9A19103F-16F7-4668-BE54-9A1E7A4F7556}") = "DemoWebAPI", "DemoWebAPI\DemoWebAPI\DemoWebAPI.csproj", "{3D87F7C9-EAAB-4963-8D9B-99F27726718E}"
EndProject
Project("{9A19103F-16F7-4668-BE54-9A1E7A4F7556}") = "DemoWebAPI.DBService", "DemoWebAPI.DBService\DemoWebAPI.DBService.csproj", "{271D3985-7B3F-4086-9FCB-8870356B0C7B}"
EndProject
Project("{FAE04EC0-301F-11D3-BF4B-00C04F79EFBC}") = "DemoWebAPI.Domain", "DemoWebAPI.Domain\DemoWebAPI.Domain.csproj", "{F9B48C85-BCA0-4F19-AC26-3CD3EA08F2B8}"
EndProject
Project("{FAE04EC0-301F-11D3-BF4B-00C04F79EFBC}") = "DemoWebAPI.UserService", "DemoWebAPI.UserService\DemoWebAPI.UserService.csproj", "{7B59D926-A235-4EFF-B391-82AB66534F12}"
EndProject
Project("{FAE04EC0-301F-11D3-BF4B-00C04F79EFBC}") = "DemoWebAPI.Tests", "DemoWebAPI.Tests\DemoWebAPI.Tests.csproj", "{FCC1BE58-0CD3-46D5-AC55-B63896C12F64}"
EndProject
Global
	GlobalSection(SolutionConfigurationPlatforms) = preSolution
		Debug|Any CPU = Debug|Any CPU
		Release|Any CPU = Release|Any CPU
	EndGlobalSection
	GlobalSection(ProjectConfigurationPlatforms) = postSolution
		{3D87F7C9-EAAB-4963-8D9B-99F27726718E}.Debug|Any CPU.ActiveCfg = Debug|Any CPU
		{3D87F7C9-EAAB-4963-8D9B-99F27726718E}.Debug|Any CPU.Build.0 = Debug|Any CPU
		{3D87F7C9-EAAB-4963-8D9B-99F27726718E}.Release|Any CPU.ActiveCfg = Release|Any CPU
		{3D87F7C9-EAAB-4963-8D9B-99F27726718E}.Release|Any CPU.Build.0 = Release|Any CPU
		{271D3985-7B3F-4086-9FCB-8870356B0C7B}.Debug|Any CPU.ActiveCfg = Debug|Any CPU
		{271D3985-7B3F-4086-9FCB-8870356B0C7B}.Debug|Any CPU.Build.0 = Debug|Any CPU
		{271D3985-7B3F-4086-9FCB-8870356B0C7B}.Release|Any CPU.ActiveCfg = Release|Any CPU
		{271D3985-7B3F-4086-9FCB-8870356B0C7B}.Release|Any CPU.Build.0 = Release|Any CPU
		{F9B48C85-BCA0-4F19-AC26-3CD3EA08F2B8}.Debug|Any CPU.ActiveCfg = Debug|Any CPU
		{F9B48C85-BCA0-4F19-AC26-3CD3EA08F2B8}.Debug|Any CPU.Build.0 = Debug|Any CPU
		{F9B48C85-BCA0-4F19-AC26-3CD3EA08F2B8}.Release|Any CPU.ActiveCfg = Release|Any CPU
		{F9B48C85-BCA0-4F19-AC26-3CD3EA08F2B8}.Release|Any CPU.Build.0 = Release|Any CPU
		{7B59D926-A235-4EFF-B391-82AB66534F12}.Debug|Any CPU.ActiveCfg = Debug|Any CPU
		{7B59D926-A235-4EFF-B391-82AB66534F12}.Debug|Any CPU.Build.0 = Debug|Any CPU
		{7B59D926-A235-4EFF-B391-82AB66534F12}.Release|Any CPU.ActiveCfg = Release|Any CPU
		{7B59D926-A235-4EFF-B391-82AB66534F12}.Release|Any CPU.Build.0 = Release|Any CPU
		{FCC1BE58-0CD3-46D5-AC55-B63896C12F64}.Debug|Any CPU.ActiveCfg = Debug|Any CPU
		{FCC1BE58-0CD3-46D5-AC55-B63896C12F64}.Debug|Any CPU.Build.0 = Debug|Any CPU
		{FCC1BE58-0CD3-46D5-AC55-B63896C12F64}.Release|Any CPU.ActiveCfg = Release|Any CPU
		{FCC1BE58-0CD3-46D5-AC55-B63896C12F64}.Release|Any CPU.Build.0 = Release|Any CPU
	EndGlobalSection
	GlobalSection(SolutionProperties) = preSolution
		HideSolutionNode = FALSE
	EndGlobalSection
	GlobalSection(ExtensibilityGlobals) = postSolution
		SolutionGuid = {A5519FBA-BFA0-4FBE-9886-CC8B962FC17B}
	EndGlobalSection
EndGlobal
